schema: '2.0'
stages:
  prepare_dataset:
    cmd: python src/data/prepare_dataset.py --data-dir data/raw/actual_dataset
      --output-dir data/processed/actual_dataset --target-size 512
    deps:
    - path: data/raw/actual_dataset
      hash: md5
      md5: b104f56072fa7b946c33130af46da51c.dir
      size: 905040081
      nfiles: 1622
    - path: src/data/prepare_dataset.py
      hash: md5
      md5: cb4732233bb8143f4e029e9602b30f7d
      size: 39056
      isexec: true
    outs:
    - path: data/processed/actual_dataset
      hash: md5
      md5: 9324877faa677ebf36b75674bf1c8aa2.dir
      size: 68348024
      nfiles: 2428
  make_folds:
    cmd: python src/data/make_folds.py --data-dir data/raw/actual_dataset
      --output outputs/folds/cv_manifest.csv --seed 42
    deps:
    - path: data/raw/actual_dataset
      hash: md5
      md5: 96cd7e86dec5a79efaf2efef4ae7ecb8.dir
      size: 295658398
      nfiles: 1621
    - path: src/data/make_folds.py
      hash: md5
      md5: 5e399436b597828e8d4b6b04a6ca9b6a
      size: 10010
    - path: src/data/prepare_dataset.py
      hash: md5
      md5: 61875a5d014f97b5c316874342f1f28e
      size: 36255
    outs:
    - path: outputs/folds/cv_manifest.csv
      hash: md5
      md5: 858993109c82011b449f3637d3f786e4
      size: 164402
    - path: outputs/folds/cv_manifest.summary.json
      hash: md5
      md5: 12d277925be03ad8da7f8258d3276039
      size: 807
  fold_calibration:
    cmd: python src/data/fold_calibration.py --manifest
      outputs/folds/cv_manifest.csv --output outputs/folds/fold_params.json
      --target-size 512 --sample-size 40 --agents 25 --iters 60
    deps:
    - path: outputs/folds/cv_manifest.csv
      hash: md5
      md5: 858993109c82011b449f3637d3f786e4
      size: 164402
    - path: src/data/fold_calibration.py
      hash: md5
      md5: a54b68a2c7c2e89f38c0fca35066f15c
      size: 5200
    - path: src/data/osgdf_preprocessing.py
      hash: md5
      md5: 0fb4ea4a127388fbb7338026d3697e42
      size: 32991
    - path: src/data/prepare_dataset.py
      hash: md5
      md5: 61875a5d014f97b5c316874342f1f28e
      size: 36255
    outs:
    - path: outputs/folds/fold_params.json
      hash: md5
      md5: 0b11ec1c7475b3cf44e53860170f1712
      size: 1144
  build_fold_ultralytics:
    cmd: python src/data/build_fold_ultralytics.py --manifest
      outputs/folds/cv_manifest.csv --fold-params outputs/folds/fold_params.json
      --output-dir outputs/ultralytics_folds --target-size 512 --class-names
      cancer
    deps:
    - path: data/raw/actual_dataset
      hash: md5
      md5: 96cd7e86dec5a79efaf2efef4ae7ecb8.dir
      size: 295658398
      nfiles: 1621
    - path: outputs/folds/cv_manifest.csv
      hash: md5
      md5: 858993109c82011b449f3637d3f786e4
      size: 164402
    - path: outputs/folds/fold_params.json
      hash: md5
      md5: 0b11ec1c7475b3cf44e53860170f1712
      size: 1144
    - path: src/data/build_fold_ultralytics.py
      hash: md5
      md5: e63365aa52008994e7534aca59bf2263
      size: 9548
    - path: src/data/osgdf_preprocessing.py
      hash: md5
      md5: 0fb4ea4a127388fbb7338026d3697e42
      size: 32991
    - path: src/data/prepare_dataset.py
      hash: md5
      md5: 61875a5d014f97b5c316874342f1f28e
      size: 36255
    outs:
    - path: outputs/ultralytics_folds
      hash: md5
      md5: bb882ae7c20f86d27b5dd098d890a0c7.dir
      size: 309998920
      nfiles: 8095
